lockfileVersion: '6.0'

settings:
  autoInstallPeers: true
  excludeLinksFromLockfile: false

devDependencies:
  '@tsconfig/strictest':
    specifier: 2.0.3
    version: 2.0.3

packages:

  /@tsconfig/strictest@2.0.3:
    resolution: {integrity: sha512-MroLvRhMbqtXI5WBSwoomro6OQS4xnCoudUrMb20JO0vLKUs0bAaCEcvM/immEBSJjFAK1l6jW1oAO8q3Ancrg==}
    dev: true
